
Microsoft Visual Studio Solution File, Format Version 12.00
# Visual Studio Version 17
VisualStudioVersion = 17.13.35818.85 d17.13
MinimumVisualStudioVersion = 10.0.40219.1
Project("{FAE04EC0-301F-11D3-BF4B-00C04F79EFBC}") = "Crazy_Musicians", "Crazy_Musicians.csproj", "{72ECD7DA-B895-406E-A056-A7C4F450BA75}"
EndProject
Global
	GlobalSection(SolutionConfigurationPlatforms) = preSolution
		Debug|Any CPU = Debug|Any CPU
		Release|Any CPU = Release|Any CPU
	EndGlobalSection
	GlobalSection(ProjectConfigurationPlatforms) = postSolution
		{72ECD7DA-B895-406E-A056-A7C4F450BA75}.Debug|Any CPU.ActiveCfg = Debug|Any CPU
		{72ECD7DA-B895-406E-A056-A7C4F450BA75}.Debug|Any CPU.Build.0 = Debug|Any CPU
		{72ECD7DA-B895-406E-A056-A7C4F450BA75}.Release|Any CPU.ActiveCfg = Release|Any CPU
		{72ECD7DA-B895-406E-A056-A7C4F450BA75}.Release|Any CPU.Build.0 = Release|Any CPU
	EndGlobalSection
	GlobalSection(SolutionProperties) = preSolution
		HideSolutionNode = FALSE
	EndGlobalSection
	GlobalSection(ExtensibilityGlobals) = postSolution
		SolutionGuid = {B74D12A6-D1BC-45B7-9C8D-7C1687A0F20B}
	EndGlobalSection
EndGlobal
